// !$*UTF8*$!
{
	archiveVersion = 1;
	classes = {
	};
	objectVersion = 55;
	objects = {

/* Begin PBXBuildFile section */
		E13E79A3274431B300BEE7EC /* Main.storyboard in Resources */ = {isa = PBXBuildFile; fileRef = E13E79A1274431B300BEE7EC /* Main.storyboard */; };
		E13E79A5274431B500BEE7EC /* Assets.xcassets in Resources */ = {isa = PBXBuildFile; fileRef = E13E79A4274431B500BEE7EC /* Assets.xcassets */; };
		E13E79A8274431B500BEE7EC /* LaunchScreen.storyboard in Resources */ = {isa = PBXBuildFile; fileRef = E13E79A6274431B500BEE7EC /* LaunchScreen.storyboard */; };
		E13E79BD2744323500BEE7EC /* SceneDelegate.swift in Sources */ = {isa = PBXBuildFile; fileRef = E13E79B12744323500BEE7EC /* SceneDelegate.swift */; };
		E13E79C52744323500BEE7EC /* MainViewController.swift in Sources */ = {isa = PBXBuildFile; fileRef = E13E79B92744323500BEE7EC /* MainViewController.swift */; };
		E13E79C72744323500BEE7EC /* AppDelegate.swift in Sources */ = {isa = PBXBuildFile; fileRef = E13E79BB2744323500BEE7EC /* AppDelegate.swift */; };
		E13E79CB2744338400BEE7EC /* PinLayout in Frameworks */ = {isa = PBXBuildFile; productRef = E13E79CA2744338400BEE7EC /* PinLayout */; };
		E13E79CE2744339200BEE7EC /* IQKeyboardManagerSwift in Frameworks */ = {isa = PBXBuildFile; productRef = E13E79CD2744339200BEE7EC /* IQKeyboardManagerSwift */; };
		E13E79D42744344200BEE7EC /* GenreCollectionViewController.swift in Sources */ = {isa = PBXBuildFile; fileRef = E13E79D02744344200BEE7EC /* GenreCollectionViewController.swift */; };
		E13E79D52744344200BEE7EC /* GenreCollectionViewPresenter.swift in Sources */ = {isa = PBXBuildFile; fileRef = E13E79D12744344200BEE7EC /* GenreCollectionViewPresenter.swift */; };
		E13E79D62744344200BEE7EC /* GenreCell.swift in Sources */ = {isa = PBXBuildFile; fileRef = E13E79D22744344200BEE7EC /* GenreCell.swift */; };
		E13E79D72744344200BEE7EC /* GenreModel.swift in Sources */ = {isa = PBXBuildFile; fileRef = E13E79D32744344200BEE7EC /* GenreModel.swift */; };
		E13E79DC274434C200BEE7EC /* ChangeProfileDataViewController.swift in Sources */ = {isa = PBXBuildFile; fileRef = E13E79D9274434C200BEE7EC /* ChangeProfileDataViewController.swift */; };
		E13E79DD274434C200BEE7EC /* ChangeProfileDataModel.swift in Sources */ = {isa = PBXBuildFile; fileRef = E13E79DA274434C200BEE7EC /* ChangeProfileDataModel.swift */; };
		E13E79DE274434C200BEE7EC /* ChangeProfileDataPresenter.swift in Sources */ = {isa = PBXBuildFile; fileRef = E13E79DB274434C200BEE7EC /* ChangeProfileDataPresenter.swift */; };
		E13E79E5274434FC00BEE7EC /* AddNewBookRouter.swift in Sources */ = {isa = PBXBuildFile; fileRef = E13E79E0274434FC00BEE7EC /* AddNewBookRouter.swift */; };
		E13E79E6274434FC00BEE7EC /* AddNewBookPresenter.swift in Sources */ = {isa = PBXBuildFile; fileRef = E13E79E1274434FC00BEE7EC /* AddNewBookPresenter.swift */; };
		E13E79E7274434FC00BEE7EC /* AddNewBookViewController.swift in Sources */ = {isa = PBXBuildFile; fileRef = E13E79E2274434FC00BEE7EC /* AddNewBookViewController.swift */; };
		E13E79E8274434FC00BEE7EC /* AddNewBookInteractor.swift in Sources */ = {isa = PBXBuildFile; fileRef = E13E79E3274434FC00BEE7EC /* AddNewBookInteractor.swift */; };
		E13E79FB274435AE00BEE7EC /* MyProfileViewController.swift in Sources */ = {isa = PBXBuildFile; fileRef = E13E79F8274435AE00BEE7EC /* MyProfileViewController.swift */; };
		E13E79FC274435AE00BEE7EC /* MyProfileModel.swift in Sources */ = {isa = PBXBuildFile; fileRef = E13E79F9274435AE00BEE7EC /* MyProfileModel.swift */; };
		E13E79FD274435AE00BEE7EC /* MyProfilePresenter.swift in Sources */ = {isa = PBXBuildFile; fileRef = E13E79FA274435AE00BEE7EC /* MyProfilePresenter.swift */; };
		E13E79FF2744363500BEE7EC /* Util.swift in Sources */ = {isa = PBXBuildFile; fileRef = E13E79FE2744363500BEE7EC /* Util.swift */; };
		E13E7A00274436F700BEE7EC /* BookModel.swift in Sources */ = {isa = PBXBuildFile; fileRef = E13E79F32744352200BEE7EC /* BookModel.swift */; };
		E13E7A012744370700BEE7EC /* BooksCollectionViewPresenter.swift in Sources */ = {isa = PBXBuildFile; fileRef = E13E79EF2744351800BEE7EC /* BooksCollectionViewPresenter.swift */; };
		E13E7A022744370E00BEE7EC /* BooksCollectionViewController.swift in Sources */ = {isa = PBXBuildFile; fileRef = E13E79F02744351800BEE7EC /* BooksCollectionViewController.swift */; };
		E13E7A032744371100BEE7EC /* BookCell.swift in Sources */ = {isa = PBXBuildFile; fileRef = E13E79F12744351800BEE7EC /* BookCell.swift */; };
		E13E7A042744373F00BEE7EC /* BookListTableViewCell.swift in Sources */ = {isa = PBXBuildFile; fileRef = E13E79F62744354900BEE7EC /* BookListTableViewCell.swift */; };
		E13E7A05274437AE00BEE7EC /* AddedNewBookViewController.swift in Sources */ = {isa = PBXBuildFile; fileRef = E13E79EB2744350700BEE7EC /* AddedNewBookViewController.swift */; };
		E13E7A06274437B200BEE7EC /* AddedNewBookPresenter.swift in Sources */ = {isa = PBXBuildFile; fileRef = E13E79EC2744350700BEE7EC /* AddedNewBookPresenter.swift */; };
		E13E7A07274437B500BEE7EC /* AddedNewBookRouter.swift in Sources */ = {isa = PBXBuildFile; fileRef = E13E79ED2744350700BEE7EC /* AddedNewBookRouter.swift */; };
/* End PBXBuildFile section */

/* Begin PBXFileReference section */
		E13E7998274431B300BEE7EC /* Pickabook.app */ = {isa = PBXFileReference; explicitFileType = wrapper.application; includeInIndex = 0; path = Pickabook.app; sourceTree = BUILT_PRODUCTS_DIR; };
		E13E79A2274431B300BEE7EC /* Base */ = {isa = PBXFileReference; lastKnownFileType = file.storyboard; name = Base; path = Base.lproj/Main.storyboard; sourceTree = "<group>"; };
		E13E79A4274431B500BEE7EC /* Assets.xcassets */ = {isa = PBXFileReference; lastKnownFileType = folder.assetcatalog; path = Assets.xcassets; sourceTree = "<group>"; };
		E13E79A7274431B500BEE7EC /* Base */ = {isa = PBXFileReference; lastKnownFileType = file.storyboard; name = Base; path = Base.lproj/LaunchScreen.storyboard; sourceTree = "<group>"; };
		E13E79A9274431B500BEE7EC /* Info.plist */ = {isa = PBXFileReference; lastKnownFileType = text.plist.xml; path = Info.plist; sourceTree = "<group>"; };
		E13E79B12744323500BEE7EC /* SceneDelegate.swift */ = {isa = PBXFileReference; fileEncoding = 4; lastKnownFileType = sourcecode.swift; path = SceneDelegate.swift; sourceTree = "<group>"; };
		E13E79B92744323500BEE7EC /* MainViewController.swift */ = {isa = PBXFileReference; fileEncoding = 4; lastKnownFileType = sourcecode.swift; name = MainViewController.swift; path = Pickabook/MainViewController.swift; sourceTree = SOURCE_ROOT; };
		E13E79BB2744323500BEE7EC /* AppDelegate.swift */ = {isa = PBXFileReference; fileEncoding = 4; lastKnownFileType = sourcecode.swift; path = AppDelegate.swift; sourceTree = "<group>"; };
		E13E79C82744335500BEE7EC /* Pickabook-Bridging-Header.h */ = {isa = PBXFileReference; lastKnownFileType = sourcecode.c.h; path = "Pickabook-Bridging-Header.h"; sourceTree = "<group>"; };
		E13E79D02744344200BEE7EC /* GenreCollectionViewController.swift */ = {isa = PBXFileReference; fileEncoding = 4; lastKnownFileType = sourcecode.swift; name = GenreCollectionViewController.swift; path = Pickabook/GenreCollectionView/GenreCollectionViewController.swift; sourceTree = SOURCE_ROOT; };
		E13E79D12744344200BEE7EC /* GenreCollectionViewPresenter.swift */ = {isa = PBXFileReference; fileEncoding = 4; lastKnownFileType = sourcecode.swift; name = GenreCollectionViewPresenter.swift; path = Pickabook/GenreCollectionView/GenreCollectionViewPresenter.swift; sourceTree = SOURCE_ROOT; };
		E13E79D22744344200BEE7EC /* GenreCell.swift */ = {isa = PBXFileReference; fileEncoding = 4; lastKnownFileType = sourcecode.swift; path = GenreCell.swift; sourceTree = "<group>"; };
		E13E79D32744344200BEE7EC /* GenreModel.swift */ = {isa = PBXFileReference; fileEncoding = 4; lastKnownFileType = sourcecode.swift; path = GenreModel.swift; sourceTree = "<group>"; };
		E13E79D9274434C200BEE7EC /* ChangeProfileDataViewController.swift */ = {isa = PBXFileReference; fileEncoding = 4; lastKnownFileType = sourcecode.swift; path = ChangeProfileDataViewController.swift; sourceTree = "<group>"; };
		E13E79DA274434C200BEE7EC /* ChangeProfileDataModel.swift */ = {isa = PBXFileReference; fileEncoding = 4; lastKnownFileType = sourcecode.swift; path = ChangeProfileDataModel.swift; sourceTree = "<group>"; };
		E13E79DB274434C200BEE7EC /* ChangeProfileDataPresenter.swift */ = {isa = PBXFileReference; fileEncoding = 4; lastKnownFileType = sourcecode.swift; path = ChangeProfileDataPresenter.swift; sourceTree = "<group>"; };
		E13E79E0274434FC00BEE7EC /* AddNewBookRouter.swift */ = {isa = PBXFileReference; fileEncoding = 4; lastKnownFileType = sourcecode.swift; path = AddNewBookRouter.swift; sourceTree = "<group>"; };
		E13E79E1274434FC00BEE7EC /* AddNewBookPresenter.swift */ = {isa = PBXFileReference; fileEncoding = 4; lastKnownFileType = sourcecode.swift; path = AddNewBookPresenter.swift; sourceTree = "<group>"; };
		E13E79E2274434FC00BEE7EC /* AddNewBookViewController.swift */ = {isa = PBXFileReference; fileEncoding = 4; lastKnownFileType = sourcecode.swift; path = AddNewBookViewController.swift; sourceTree = "<group>"; };
		E13E79E3274434FC00BEE7EC /* AddNewBookInteractor.swift */ = {isa = PBXFileReference; fileEncoding = 4; lastKnownFileType = sourcecode.swift; path = AddNewBookInteractor.swift; sourceTree = "<group>"; };
		E13E79EB2744350700BEE7EC /* AddedNewBookViewController.swift */ = {isa = PBXFileReference; lastKnownFileType = sourcecode.swift; path = AddedNewBookViewController.swift; sourceTree = "<group>"; };
		E13E79EC2744350700BEE7EC /* AddedNewBookPresenter.swift */ = {isa = PBXFileReference; lastKnownFileType = sourcecode.swift; path = AddedNewBookPresenter.swift; sourceTree = "<group>"; };
		E13E79ED2744350700BEE7EC /* AddedNewBookRouter.swift */ = {isa = PBXFileReference; lastKnownFileType = sourcecode.swift; path = AddedNewBookRouter.swift; sourceTree = "<group>"; };
		E13E79EF2744351800BEE7EC /* BooksCollectionViewPresenter.swift */ = {isa = PBXFileReference; lastKnownFileType = sourcecode.swift; path = BooksCollectionViewPresenter.swift; sourceTree = "<group>"; };
		E13E79F02744351800BEE7EC /* BooksCollectionViewController.swift */ = {isa = PBXFileReference; lastKnownFileType = sourcecode.swift; path = BooksCollectionViewController.swift; sourceTree = "<group>"; };
		E13E79F12744351800BEE7EC /* BookCell.swift */ = {isa = PBXFileReference; lastKnownFileType = sourcecode.swift; path = BookCell.swift; sourceTree = "<group>"; };
		E13E79F32744352200BEE7EC /* BookModel.swift */ = {isa = PBXFileReference; lastKnownFileType = sourcecode.swift; name = BookModel.swift; path = Pickabook/Model/BookModel.swift; sourceTree = SOURCE_ROOT; };
		E13E79F62744354900BEE7EC /* BookListTableViewCell.swift */ = {isa = PBXFileReference; lastKnownFileType = sourcecode.swift; path = BookListTableViewCell.swift; sourceTree = "<group>"; };
		E13E79F8274435AE00BEE7EC /* MyProfileViewController.swift */ = {isa = PBXFileReference; fileEncoding = 4; lastKnownFileType = sourcecode.swift; path = MyProfileViewController.swift; sourceTree = "<group>"; };
		E13E79F9274435AE00BEE7EC /* MyProfileModel.swift */ = {isa = PBXFileReference; fileEncoding = 4; lastKnownFileType = sourcecode.swift; path = MyProfileModel.swift; sourceTree = "<group>"; };
		E13E79FA274435AE00BEE7EC /* MyProfilePresenter.swift */ = {isa = PBXFileReference; fileEncoding = 4; lastKnownFileType = sourcecode.swift; path = MyProfilePresenter.swift; sourceTree = "<group>"; };
		E13E79FE2744363500BEE7EC /* Util.swift */ = {isa = PBXFileReference; lastKnownFileType = sourcecode.swift; path = Util.swift; sourceTree = "<group>"; };
/* End PBXFileReference section */

/* Begin PBXFrameworksBuildPhase section */
		E13E7995274431B300BEE7EC /* Frameworks */ = {
			isa = PBXFrameworksBuildPhase;
			buildActionMask = 2147483647;
			files = (
				E13E79CB2744338400BEE7EC /* PinLayout in Frameworks */,
				E13E79CE2744339200BEE7EC /* IQKeyboardManagerSwift in Frameworks */,
			);
			runOnlyForDeploymentPostprocessing = 0;
		};
/* End PBXFrameworksBuildPhase section */

/* Begin PBXGroup section */
		E13E798F274431B300BEE7EC = {
			isa = PBXGroup;
			children = (
				E13E799A274431B300BEE7EC /* Pickabook */,
				E13E7999274431B300BEE7EC /* Products */,
			);
			sourceTree = "<group>";
		};
		E13E7999274431B300BEE7EC /* Products */ = {
			isa = PBXGroup;
			children = (
				E13E7998274431B300BEE7EC /* Pickabook.app */,
			);
			name = Products;
			sourceTree = "<group>";
		};
		E13E799A274431B300BEE7EC /* Pickabook */ = {
			isa = PBXGroup;
			children = (
				E13E79F7274435A100BEE7EC /* MyProfile */,
				E13E79DF274434E700BEE7EC /* AddNewBook */,
				E13E79D82744345700BEE7EC /* ChangeProfileData */,
				E13E79CF2744341F00BEE7EC /* GenreCollectionView */,
				E13E79F22744352200BEE7EC /* Model */,
				E13E79EE2744351800BEE7EC /* BooksCollectionView */,
				E13E79F52744354900BEE7EC /* Cells */,
				E13E79B12744323500BEE7EC /* SceneDelegate.swift */,
				E13E79BB2744323500BEE7EC /* AppDelegate.swift */,
				E13E79B92744323500BEE7EC /* MainViewController.swift */,
				E13E79A1274431B300BEE7EC /* Main.storyboard */,
				E13E79A4274431B500BEE7EC /* Assets.xcassets */,
				E13E79A6274431B500BEE7EC /* LaunchScreen.storyboard */,
				E13E79A9274431B500BEE7EC /* Info.plist */,
				E13E79C82744335500BEE7EC /* Pickabook-Bridging-Header.h */,
			);
			path = Pickabook;
			sourceTree = "<group>";
		};
		E13E79CF2744341F00BEE7EC /* GenreCollectionView */ = {
			isa = PBXGroup;
			children = (
				E13E79D02744344200BEE7EC /* GenreCollectionViewController.swift */,
				E13E79D12744344200BEE7EC /* GenreCollectionViewPresenter.swift */,
				E13E79D32744344200BEE7EC /* GenreModel.swift */,
			);
			path = GenreCollectionView;
			sourceTree = "<group>";
		};
		E13E79D82744345700BEE7EC /* ChangeProfileData */ = {
			isa = PBXGroup;
			children = (
				E13E79DA274434C200BEE7EC /* ChangeProfileDataModel.swift */,
				E13E79DB274434C200BEE7EC /* ChangeProfileDataPresenter.swift */,
				E13E79D9274434C200BEE7EC /* ChangeProfileDataViewController.swift */,
			);
			path = ChangeProfileData;
			sourceTree = "<group>";
		};
		E13E79DF274434E700BEE7EC /* AddNewBook */ = {
			isa = PBXGroup;
			children = (
				E13E79EA2744350700BEE7EC /* AddedNewBook */,
				E13E79E3274434FC00BEE7EC /* AddNewBookInteractor.swift */,
				E13E79E1274434FC00BEE7EC /* AddNewBookPresenter.swift */,
				E13E79E0274434FC00BEE7EC /* AddNewBookRouter.swift */,
				E13E79E2274434FC00BEE7EC /* AddNewBookViewController.swift */,
			);
			path = AddNewBook;
			sourceTree = "<group>";
		};
		E13E79EA2744350700BEE7EC /* AddedNewBook */ = {
			isa = PBXGroup;
			children = (
				E13E79EB2744350700BEE7EC /* AddedNewBookViewController.swift */,
				E13E79EC2744350700BEE7EC /* AddedNewBookPresenter.swift */,
				E13E79ED2744350700BEE7EC /* AddedNewBookRouter.swift */,
			);
			path = AddedNewBook;
			sourceTree = "<group>";
		};
		E13E79EE2744351800BEE7EC /* BooksCollectionView */ = {
			isa = PBXGroup;
			children = (
				E13E79EF2744351800BEE7EC /* BooksCollectionViewPresenter.swift */,
				E13E79F02744351800BEE7EC /* BooksCollectionViewController.swift */,
			);
			path = BooksCollectionView;
			sourceTree = "<group>";
		};
		E13E79F22744352200BEE7EC /* Model */ = {
			isa = PBXGroup;
			children = (
				E13E79F32744352200BEE7EC /* BookModel.swift */,
				E13E79FE2744363500BEE7EC /* Util.swift */,
			);
			path = Model;
			sourceTree = "<group>";
		};
		E13E79F52744354900BEE7EC /* Cells */ = {
			isa = PBXGroup;
			children = (
				E13E79D22744344200BEE7EC /* GenreCell.swift */,
				E13E79F12744351800BEE7EC /* BookCell.swift */,
				E13E79F62744354900BEE7EC /* BookListTableViewCell.swift */,
			);
			path = Cells;
			sourceTree = "<group>";
		};
		E13E79F7274435A100BEE7EC /* MyProfile */ = {
			isa = PBXGroup;
			children = (
				E13E79F9274435AE00BEE7EC /* MyProfileModel.swift */,
				E13E79FA274435AE00BEE7EC /* MyProfilePresenter.swift */,
				E13E79F8274435AE00BEE7EC /* MyProfileViewController.swift */,
			);
			path = MyProfile;
			sourceTree = "<group>";
		};
/* End PBXGroup section */

/* Begin PBXNativeTarget section */
		E13E7997274431B300BEE7EC /* Pickabook */ = {
			isa = PBXNativeTarget;
			buildConfigurationList = E13E79AC274431B500BEE7EC /* Build configuration list for PBXNativeTarget "Pickabook" */;
			buildPhases = (
				E13E7994274431B300BEE7EC /* Sources */,
				E13E7995274431B300BEE7EC /* Frameworks */,
				E13E7996274431B300BEE7EC /* Resources */,
			);
			buildRules = (
			);
			dependencies = (
			);
			name = Pickabook;
			packageProductDependencies = (
				E13E79CA2744338400BEE7EC /* PinLayout */,
				E13E79CD2744339200BEE7EC /* IQKeyboardManagerSwift */,
			);
			productName = Pickabook;
			productReference = E13E7998274431B300BEE7EC /* Pickabook.app */;
			productType = "com.apple.product-type.application";
		};
/* End PBXNativeTarget section */

/* Begin PBXProject section */
		E13E7990274431B300BEE7EC /* Project object */ = {
			isa = PBXProject;
			attributes = {
				BuildIndependentTargetsInParallel = 1;
				LastSwiftUpdateCheck = 1310;
				LastUpgradeCheck = 1310;
				TargetAttributes = {
					E13E7997274431B300BEE7EC = {
						CreatedOnToolsVersion = 13.1;
						LastSwiftMigration = 1310;
					};
				};
			};
			buildConfigurationList = E13E7993274431B300BEE7EC /* Build configuration list for PBXProject "Pickabook" */;
			compatibilityVersion = "Xcode 13.0";
			developmentRegion = en;
			hasScannedForEncodings = 0;
			knownRegions = (
				en,
				Base,
			);
			mainGroup = E13E798F274431B300BEE7EC;
			packageReferences = (
				E13E79C92744338400BEE7EC /* XCRemoteSwiftPackageReference "PinLayout" */,
				E13E79CC2744339200BEE7EC /* XCRemoteSwiftPackageReference "IQKeyboardManager" */,
			);
			productRefGroup = E13E7999274431B300BEE7EC /* Products */;
			projectDirPath = "";
			projectRoot = "";
			targets = (
				E13E7997274431B300BEE7EC /* Pickabook */,
			);
		};
/* End PBXProject section */

/* Begin PBXResourcesBuildPhase section */
		E13E7996274431B300BEE7EC /* Resources */ = {
			isa = PBXResourcesBuildPhase;
			buildActionMask = 2147483647;
			files = (
				E13E79A8274431B500BEE7EC /* LaunchScreen.storyboard in Resources */,
				E13E79A5274431B500BEE7EC /* Assets.xcassets in Resources */,
				E13E79A3274431B300BEE7EC /* Main.storyboard in Resources */,
			);
			runOnlyForDeploymentPostprocessing = 0;
		};
/* End PBXResourcesBuildPhase section */

/* Begin PBXSourcesBuildPhase section */
		E13E7994274431B300BEE7EC /* Sources */ = {
			isa = PBXSourcesBuildPhase;
			buildActionMask = 2147483647;
			files = (
				E13E79E5274434FC00BEE7EC /* AddNewBookRouter.swift in Sources */,
				E13E79C72744323500BEE7EC /* AppDelegate.swift in Sources */,
				E13E79E7274434FC00BEE7EC /* AddNewBookViewController.swift in Sources */,
				E13E79FC274435AE00BEE7EC /* MyProfileModel.swift in Sources */,
				E13E7A05274437AE00BEE7EC /* AddedNewBookViewController.swift in Sources */,
				E13E79DE274434C200BEE7EC /* ChangeProfileDataPresenter.swift in Sources */,
				E13E7A022744370E00BEE7EC /* BooksCollectionViewController.swift in Sources */,
				E13E7A06274437B200BEE7EC /* AddedNewBookPresenter.swift in Sources */,
				E13E79DD274434C200BEE7EC /* ChangeProfileDataModel.swift in Sources */,
				E13E79C52744323500BEE7EC /* MainViewController.swift in Sources */,
				E13E7A012744370700BEE7EC /* BooksCollectionViewPresenter.swift in Sources */,
				E13E79FF2744363500BEE7EC /* Util.swift in Sources */,
				E13E79D62744344200BEE7EC /* GenreCell.swift in Sources */,
				E13E79DC274434C200BEE7EC /* ChangeProfileDataViewController.swift in Sources */,
				E13E7A00274436F700BEE7EC /* BookModel.swift in Sources */,
				E13E7A032744371100BEE7EC /* BookCell.swift in Sources */,
				E13E79FD274435AE00BEE7EC /* MyProfilePresenter.swift in Sources */,
				E13E7A042744373F00BEE7EC /* BookListTableViewCell.swift in Sources */,
				E13E79D52744344200BEE7EC /* GenreCollectionViewPresenter.swift in Sources */,
				E13E79D72744344200BEE7EC /* GenreModel.swift in Sources */,
				E13E79BD2744323500BEE7EC /* SceneDelegate.swift in Sources */,
				E13E79D42744344200BEE7EC /* GenreCollectionViewController.swift in Sources */,
				E13E79FB274435AE00BEE7EC /* MyProfileViewController.swift in Sources */,
				E13E7A07274437B500BEE7EC /* AddedNewBookRouter.swift in Sources */,
				E13E79E6274434FC00BEE7EC /* AddNewBookPresenter.swift in Sources */,
				E13E79E8274434FC00BEE7EC /* AddNewBookInteractor.swift in Sources */,
			);
			runOnlyForDeploymentPostprocessing = 0;
		};
/* End PBXSourcesBuildPhase section */

/* Begin PBXVariantGroup section */
		E13E79A1274431B300BEE7EC /* Main.storyboard */ = {
			isa = PBXVariantGroup;
			children = (
				E13E79A2274431B300BEE7EC /* Base */,
			);
			name = Main.storyboard;
			sourceTree = "<group>";
		};
		E13E79A6274431B500BEE7EC /* LaunchScreen.storyboard */ = {
			isa = PBXVariantGroup;
			children = (
				E13E79A7274431B500BEE7EC /* Base */,
			);
			name = LaunchScreen.storyboard;
			sourceTree = "<group>";
		};
/* End PBXVariantGroup section */

/* Begin XCBuildConfiguration section */
		E13E79AA274431B500BEE7EC /* Debug */ = {
			isa = XCBuildConfiguration;
			buildSettings = {
				ALWAYS_SEARCH_USER_PATHS = NO;
				CLANG_ANALYZER_NONNULL = YES;
				CLANG_ANALYZER_NUMBER_OBJECT_CONVERSION = YES_AGGRESSIVE;
				CLANG_CXX_LANGUAGE_STANDARD = "gnu++17";
				CLANG_CXX_LIBRARY = "libc++";
				CLANG_ENABLE_MODULES = YES;
				CLANG_ENABLE_OBJC_ARC = YES;
				CLANG_ENABLE_OBJC_WEAK = YES;
				CLANG_WARN_BLOCK_CAPTURE_AUTORELEASING = YES;
				CLANG_WARN_BOOL_CONVERSION = YES;
				CLANG_WARN_COMMA = YES;
				CLANG_WARN_CONSTANT_CONVERSION = YES;
				CLANG_WARN_DEPRECATED_OBJC_IMPLEMENTATIONS = YES;
				CLANG_WARN_DIRECT_OBJC_ISA_USAGE = YES_ERROR;
				CLANG_WARN_DOCUMENTATION_COMMENTS = YES;
				CLANG_WARN_EMPTY_BODY = YES;
				CLANG_WARN_ENUM_CONVERSION = YES;
				CLANG_WARN_INFINITE_RECURSION = YES;
				CLANG_WARN_INT_CONVERSION = YES;
				CLANG_WARN_NON_LITERAL_NULL_CONVERSION = YES;
				CLANG_WARN_OBJC_IMPLICIT_RETAIN_SELF = YES;
				CLANG_WARN_OBJC_LITERAL_CONVERSION = YES;
				CLANG_WARN_OBJC_ROOT_CLASS = YES_ERROR;
				CLANG_WARN_QUOTED_INCLUDE_IN_FRAMEWORK_HEADER = YES;
				CLANG_WARN_RANGE_LOOP_ANALYSIS = YES;
				CLANG_WARN_STRICT_PROTOTYPES = YES;
				CLANG_WARN_SUSPICIOUS_MOVE = YES;
				CLANG_WARN_UNGUARDED_AVAILABILITY = YES_AGGRESSIVE;
				CLANG_WARN_UNREACHABLE_CODE = YES;
				CLANG_WARN__DUPLICATE_METHOD_MATCH = YES;
				COPY_PHASE_STRIP = NO;
				DEBUG_INFORMATION_FORMAT = dwarf;
				ENABLE_STRICT_OBJC_MSGSEND = YES;
				ENABLE_TESTABILITY = YES;
				GCC_C_LANGUAGE_STANDARD = gnu11;
				GCC_DYNAMIC_NO_PIC = NO;
				GCC_NO_COMMON_BLOCKS = YES;
				GCC_OPTIMIZATION_LEVEL = 0;
				GCC_PREPROCESSOR_DEFINITIONS = (
					"DEBUG=1",
					"$(inherited)",
				);
				GCC_WARN_64_TO_32_BIT_CONVERSION = YES;
				GCC_WARN_ABOUT_RETURN_TYPE = YES_ERROR;
				GCC_WARN_UNDECLARED_SELECTOR = YES;
				GCC_WARN_UNINITIALIZED_AUTOS = YES_AGGRESSIVE;
				GCC_WARN_UNUSED_FUNCTION = YES;
				GCC_WARN_UNUSED_VARIABLE = YES;
				IPHONEOS_DEPLOYMENT_TARGET = 15.0;
				MTL_ENABLE_DEBUG_INFO = INCLUDE_SOURCE;
				MTL_FAST_MATH = YES;
				ONLY_ACTIVE_ARCH = YES;
				SDKROOT = iphoneos;
				SWIFT_ACTIVE_COMPILATION_CONDITIONS = DEBUG;
				SWIFT_OPTIMIZATION_LEVEL = "-Onone";
			};
			name = Debug;
		};
		E13E79AB274431B500BEE7EC /* Release */ = {
			isa = XCBuildConfiguration;
			buildSettings = {
				ALWAYS_SEARCH_USER_PATHS = NO;
				CLANG_ANALYZER_NONNULL = YES;
				CLANG_ANALYZER_NUMBER_OBJECT_CONVERSION = YES_AGGRESSIVE;
				CLANG_CXX_LANGUAGE_STANDARD = "gnu++17";
				CLANG_CXX_LIBRARY = "libc++";
				CLANG_ENABLE_MODULES = YES;
				CLANG_ENABLE_OBJC_ARC = YES;
				CLANG_ENABLE_OBJC_WEAK = YES;
				CLANG_WARN_BLOCK_CAPTURE_AUTORELEASING = YES;
				CLANG_WARN_BOOL_CONVERSION = YES;
				CLANG_WARN_COMMA = YES;
				CLANG_WARN_CONSTANT_CONVERSION = YES;
				CLANG_WARN_DEPRECATED_OBJC_IMPLEMENTATIONS = YES;
				CLANG_WARN_DIRECT_OBJC_ISA_USAGE = YES_ERROR;
				CLANG_WARN_DOCUMENTATION_COMMENTS = YES;
				CLANG_WARN_EMPTY_BODY = YES;
				CLANG_WARN_ENUM_CONVERSION = YES;
				CLANG_WARN_INFINITE_RECURSION = YES;
				CLANG_WARN_INT_CONVERSION = YES;
				CLANG_WARN_NON_LITERAL_NULL_CONVERSION = YES;
				CLANG_WARN_OBJC_IMPLICIT_RETAIN_SELF = YES;
				CLANG_WARN_OBJC_LITERAL_CONVERSION = YES;
				CLANG_WARN_OBJC_ROOT_CLASS = YES_ERROR;
				CLANG_WARN_QUOTED_INCLUDE_IN_FRAMEWORK_HEADER = YES;
				CLANG_WARN_RANGE_LOOP_ANALYSIS = YES;
				CLANG_WARN_STRICT_PROTOTYPES = YES;
				CLANG_WARN_SUSPICIOUS_MOVE = YES;
				CLANG_WARN_UNGUARDED_AVAILABILITY = YES_AGGRESSIVE;
				CLANG_WARN_UNREACHABLE_CODE = YES;
				CLANG_WARN__DUPLICATE_METHOD_MATCH = YES;
				COPY_PHASE_STRIP = NO;
				DEBUG_INFORMATION_FORMAT = "dwarf-with-dsym";
				ENABLE_NS_ASSERTIONS = NO;
				ENABLE_STRICT_OBJC_MSGSEND = YES;
				GCC_C_LANGUAGE_STANDARD = gnu11;
				GCC_NO_COMMON_BLOCKS = YES;
				GCC_WARN_64_TO_32_BIT_CONVERSION = YES;
				GCC_WARN_ABOUT_RETURN_TYPE = YES_ERROR;
				GCC_WARN_UNDECLARED_SELECTOR = YES;
				GCC_WARN_UNINITIALIZED_AUTOS = YES_AGGRESSIVE;
				GCC_WARN_UNUSED_FUNCTION = YES;
				GCC_WARN_UNUSED_VARIABLE = YES;
				IPHONEOS_DEPLOYMENT_TARGET = 15.0;
				MTL_ENABLE_DEBUG_INFO = NO;
				MTL_FAST_MATH = YES;
				SDKROOT = iphoneos;
				SWIFT_COMPILATION_MODE = wholemodule;
				SWIFT_OPTIMIZATION_LEVEL = "-O";
				VALIDATE_PRODUCT = YES;
			};
			name = Release;
		};
		E13E79AD274431B500BEE7EC /* Debug */ = {
			isa = XCBuildConfiguration;
			buildSettings = {
				ASSETCATALOG_COMPILER_APPICON_NAME = AppIcon;
				ASSETCATALOG_COMPILER_GLOBAL_ACCENT_COLOR_NAME = AccentColor;
				CLANG_ENABLE_MODULES = YES;
				CODE_SIGN_STYLE = Automatic;
				CURRENT_PROJECT_VERSION = 1;
				GENERATE_INFOPLIST_FILE = YES;
				INFOPLIST_FILE = Pickabook/Info.plist;
				INFOPLIST_KEY_UIApplicationSupportsIndirectInputEvents = YES;
				INFOPLIST_KEY_UILaunchStoryboardName = LaunchScreen;
				INFOPLIST_KEY_UIMainStoryboardFile = Main;
				INFOPLIST_KEY_UISupportedInterfaceOrientations_iPad = "UIInterfaceOrientationPortrait UIInterfaceOrientationPortraitUpsideDown UIInterfaceOrientationLandscapeLeft UIInterfaceOrientationLandscapeRight";
				INFOPLIST_KEY_UISupportedInterfaceOrientations_iPhone = "UIInterfaceOrientationPortrait UIInterfaceOrientationLandscapeLeft UIInterfaceOrientationLandscapeRight";
				LD_RUNPATH_SEARCH_PATHS = (
					"$(inherited)",
					"@executable_path/Frameworks",
				);
				MARKETING_VERSION = 1.0;
				PRODUCT_BUNDLE_IDENTIFIER = com.Daulty.Pickabook;
				PRODUCT_NAME = "$(TARGET_NAME)";
				SWIFT_EMIT_LOC_STRINGS = YES;
				SWIFT_OBJC_BRIDGING_HEADER = "Pickabook/Pickabook-Bridging-Header.h";
				SWIFT_OPTIMIZATION_LEVEL = "-Onone";
				SWIFT_VERSION = 5.0;
				TARGETED_DEVICE_FAMILY = "1,2";
			};
			name = Debug;
		};
		E13E79AE274431B500BEE7EC /* Release */ = {
			isa = XCBuildConfiguration;
			buildSettings = {
				ASSETCATALOG_COMPILER_APPICON_NAME = AppIcon;
				ASSETCATALOG_COMPILER_GLOBAL_ACCENT_COLOR_NAME = AccentColor;
				CLANG_ENABLE_MODULES = YES;
				CODE_SIGN_STYLE = Automatic;
				CURRENT_PROJECT_VERSION = 1;
				GENERATE_INFOPLIST_FILE = YES;
				INFOPLIST_FILE = Pickabook/Info.plist;
				INFOPLIST_KEY_UIApplicationSupportsIndirectInputEvents = YES;
				INFOPLIST_KEY_UILaunchStoryboardName = LaunchScreen;
				INFOPLIST_KEY_UIMainStoryboardFile = Main;
				INFOPLIST_KEY_UISupportedInterfaceOrientations_iPad = "UIInterfaceOrientationPortrait UIInterfaceOrientationPortraitUpsideDown UIInterfaceOrientationLandscapeLeft UIInterfaceOrientationLandscapeRight";
				INFOPLIST_KEY_UISupportedInterfaceOrientations_iPhone = "UIInterfaceOrientationPortrait UIInterfaceOrientationLandscapeLeft UIInterfaceOrientationLandscapeRight";
				LD_RUNPATH_SEARCH_PATHS = (
					"$(inherited)",
					"@executable_path/Frameworks",
				);
				MARKETING_VERSION = 1.0;
				PRODUCT_BUNDLE_IDENTIFIER = com.Daulty.Pickabook;
				PRODUCT_NAME = "$(TARGET_NAME)";
				SWIFT_EMIT_LOC_STRINGS = YES;
				SWIFT_OBJC_BRIDGING_HEADER = "Pickabook/Pickabook-Bridging-Header.h";
				SWIFT_VERSION = 5.0;
				TARGETED_DEVICE_FAMILY = "1,2";
			};
			name = Release;
		};
/* End XCBuildConfiguration section */

/* Begin XCConfigurationList section */
		E13E7993274431B300BEE7EC /* Build configuration list for PBXProject "Pickabook" */ = {
			isa = XCConfigurationList;
			buildConfigurations = (
				E13E79AA274431B500BEE7EC /* Debug */,
				E13E79AB274431B500BEE7EC /* Release */,
			);
			defaultConfigurationIsVisible = 0;
			defaultConfigurationName = Release;
		};
		E13E79AC274431B500BEE7EC /* Build configuration list for PBXNativeTarget "Pickabook" */ = {
			isa = XCConfigurationList;
			buildConfigurations = (
				E13E79AD274431B500BEE7EC /* Debug */,
				E13E79AE274431B500BEE7EC /* Release */,
			);
			defaultConfigurationIsVisible = 0;
			defaultConfigurationName = Release;
		};
/* End XCConfigurationList section */

/* Begin XCRemoteSwiftPackageReference section */
		E13E79C92744338400BEE7EC /* XCRemoteSwiftPackageReference "PinLayout" */ = {
			isa = XCRemoteSwiftPackageReference;
			repositoryURL = "https://github.com/layoutBox/PinLayout.git";
			requirement = {
				kind = upToNextMajorVersion;
				minimumVersion = 1.0.0;
			};
		};
		E13E79CC2744339200BEE7EC /* XCRemoteSwiftPackageReference "IQKeyboardManager" */ = {
			isa = XCRemoteSwiftPackageReference;
			repositoryURL = "https://github.com/hackiftekhar/IQKeyboardManager";
			requirement = {
				kind = upToNextMajorVersion;
				minimumVersion = 6.0.0;
			};
		};
/* End XCRemoteSwiftPackageReference section */

/* Begin XCSwiftPackageProductDependency section */
		E13E79CA2744338400BEE7EC /* PinLayout */ = {
			isa = XCSwiftPackageProductDependency;
			package = E13E79C92744338400BEE7EC /* XCRemoteSwiftPackageReference "PinLayout" */;
			productName = PinLayout;
		};
		E13E79CD2744339200BEE7EC /* IQKeyboardManagerSwift */ = {
			isa = XCSwiftPackageProductDependency;
			package = E13E79CC2744339200BEE7EC /* XCRemoteSwiftPackageReference "IQKeyboardManager" */;
			productName = IQKeyboardManagerSwift;
		};
/* End XCSwiftPackageProductDependency section */
	};
	rootObject = E13E7990274431B300BEE7EC /* Project object */;
}
