{
  "object": {
    "pins": [
      {
        "package": "IQKeyboardManagerSwift",
        "repositoryURL": "https://github.com/hackiftekhar/IQKeyboardManager",
        "state": {
          "branch": null,
          "revision": "474f849accae40fe61b5302d9b057dd48ee073ba",
          "version": "6.5.9"
        }
      },
      {
        "package": "PinLayout",
        "repositoryURL": "https://github.com/layoutBox/PinLayout",
        "state": {
          "branch": "master",
          "revision": "b4c8f7c4d3cfb73626cbf2c80303dae32373a993",
          "version": null
        }
      }
    ]
  },
  "version": 1
}
